
Microsoft Visual Studio Solution File, Format Version 12.00
# Visual Studio Version 17
VisualStudioVersion = 17.5.33414.496
MinimumVisualStudioVersion = 10.0.40219.1
Project("{FAE04EC0-301F-11D3-BF4B-00C04F79EFBC}") = "Web Excerciese - 04-03-2023 - Zensark website", "Web Excerciese - 04-03-2023 - Zensark website.csproj", "{9C9EB214-AFFE-43D1-AEEE-0BBBF4713351}"
EndProject
Global
	GlobalSection(SolutionConfigurationPlatforms) = preSolution
		Debug|Any CPU = Debug|Any CPU
		Release|Any CPU = Release|Any CPU
	EndGlobalSection
	GlobalSection(ProjectConfigurationPlatforms) = postSolution
		{9C9EB214-AFFE-43D1-AEEE-0BBBF4713351}.Debug|Any CPU.ActiveCfg = Debug|Any CPU
		{9C9EB214-AFFE-43D1-AEEE-0BBBF4713351}.Debug|Any CPU.Build.0 = Debug|Any CPU
		{9C9EB214-AFFE-43D1-AEEE-0BBBF4713351}.Release|Any CPU.ActiveCfg = Release|Any CPU
		{9C9EB214-AFFE-43D1-AEEE-0BBBF4713351}.Release|Any CPU.Build.0 = Release|Any CPU
	EndGlobalSection
	GlobalSection(SolutionProperties) = preSolution
		HideSolutionNode = FALSE
	EndGlobalSection
	GlobalSection(ExtensibilityGlobals) = postSolution
		SolutionGuid = {642E7110-A7AC-4A9E-B495-C69F375CF8BF}
	EndGlobalSection
EndGlobal
